<?xml version="1.0" encoding="utf-8"?>
<Project ToolsVersion="4.0" xmlns="http://schemas.microsoft.com/developer/msbuild/2003">
  <ItemGroup>
    <Filter Include="include">
      <UniqueIdentifier>{73c23b61-9abb-407f-9c2c-f2b076e3fba0}</UniqueIdentifier>
    </Filter>
    <Filter Include="source">
      <UniqueIdentifier>{24470084-92eb-452f-ad9c-cfbb5be53cef}</UniqueIdentifier>
    </Filter>
    <Filter Include="assets">
      <UniqueIdentifier>{ea2f6f65-7c4f-4e54-9c0f-880ef4e17ce5}</UniqueIdentifier>
    </Filter>
    <Filter Include="assets\textures">
      <UniqueIdentifier>{e39d915d-317c-4a13-92f2-a23e1af57aea}</UniqueIdentifier>
    </Filter>
    <Filter Include="assets\shaders">
      <UniqueIdentifier>{ef81752e-7087-4787-ba89-d362ba9ba36d}</UniqueIdentifier>
    </Filter>
    <Filter Include="include\framework">
      <UniqueIdentifier>{d9e851d1-98b4-448b-9436-78ab55cd6ff9}</UniqueIdentifier>
    </Filter>
    <Filter Include="include\framework\input">
      <UniqueIdentifier>{951984bd-cfdd-4100-b28f-3ecc48347338}</UniqueIdentifier>
    </Filter>
    <Filter Include="include\framework\graphics">
      <UniqueIdentifier>{0159ae00-b0e6-43e5-b12e-ea704f860e7a}</UniqueIdentifier>
    </Filter>
    <Filter Include="source\framework">
      <UniqueIdentifier>{07cb0777-1719-47f2-91d5-0e09347f3e16}</UniqueIdentifier>
    </Filter>
    <Filter Include="source\framework\input">
      <UniqueIdentifier>{b7bea2b3-38cc-4c73-88cf-a863b86833b7}</UniqueIdentifier>
    </Filter>
    <Filter Include="include\voxel_engine">
      <UniqueIdentifier>{358de161-de23-40bc-ba35-f1db9a5900cc}</UniqueIdentifier>
    </Filter>
    <Filter Include="source\voxel_engine">
      <UniqueIdentifier>{f0604d03-41e9-4f4d-83e5-75677c8b3ba6}</UniqueIdentifier>
    </Filter>
    <Filter Include="include\voxel_engine\renderer">
      <UniqueIdentifier>{f9bbfa55-0a3a-4e49-8ea5-a4cb0761864c}</UniqueIdentifier>
    </Filter>
    <Filter Include="source\voxel_engine\renderer">
      <UniqueIdentifier>{11121fa4-3f9d-4dbb-80bb-2b12c62b4beb}</UniqueIdentifier>
    </Filter>
    <Filter Include="include\voxel_engine\world">
      <UniqueIdentifier>{941191fa-cfbb-415f-9de1-2d6b44afa9f1}</UniqueIdentifier>
    </Filter>
    <Filter Include="source\voxel_engine\world">
      <UniqueIdentifier>{245335c9-b5df-4f10-a185-5129a3c1d76f}</UniqueIdentifier>
    </Filter>
    <Filter Include="source\voxel_engine\controllable">
      <UniqueIdentifier>{9b8f2d65-3d3c-472e-a740-edf30b69ffe1}</UniqueIdentifier>
    </Filter>
    <Filter Include="include\voxel_engine\controllable">
      <UniqueIdentifier>{920c464d-daab-435e-856b-78d930eec77b}</UniqueIdentifier>
    </Filter>
    <Filter Include="extern">
      <UniqueIdentifier>{bf710bc0-677a-4d0a-aa3f-6b5658027d4d}</UniqueIdentifier>
    </Filter>
    <Filter Include="extern\imgui">
      <UniqueIdentifier>{1000ed11-496c-4520-a5c0-d1f5687406c9}</UniqueIdentifier>
    </Filter>
    <Filter Include="extern\imgui\backends">
      <UniqueIdentifier>{40f75b02-47d1-4b0f-865b-45f8a10bcd4d}</UniqueIdentifier>
    </Filter>
  </ItemGroup>
  <ItemGroup>
    <ClInclude Include="$(MSBuildThisFileDirectory)framework\input\IInput.h">
      <Filter>include\framework\input</Filter>
    </ClInclude>
    <ClInclude Include="$(MSBuildThisFileDirectory)framework\input\Input.h">
      <Filter>include\framework\input</Filter>
    </ClInclude>
    <ClInclude Include="$(MSBuildThisFileDirectory)framework\IGraphics.h">
      <Filter>include\framework\graphics</Filter>
    </ClInclude>
    <ClInclude Include="$(MSBuildThisFileDirectory)framework\Game.h">
      <Filter>include\framework</Filter>
    </ClInclude>
  </ItemGroup>
  <ItemGroup>
    <ClCompile Include="$(MSBuildThisFileDirectory)framework\input\Input.cpp">
      <Filter>source\framework\input</Filter>
    </ClCompile>
    <ClCompile Include="$(MSBuildThisFileDirectory)framework\Game.cpp">
      <Filter>source\framework</Filter>
    </ClCompile>
    <ClCompile Include="$(MSBuildThisFileDirectory)..\extern\stb_image.cpp">
      <Filter>source\framework</Filter>
    </ClCompile>
    <ClCompile Include="$(MSBuildThisFileDirectory)..\extern\include\ImGui-master\backends\imgui_impl_opengl3.cpp">
      <Filter>extern\imgui\backends</Filter>
    </ClCompile>
    <ClCompile Include="$(MSBuildThisFileDirectory)..\extern\include\ImGui-master\imgui.cpp">
      <Filter>extern\imgui</Filter>
    </ClCompile>
    <ClCompile Include="$(MSBuildThisFileDirectory)..\extern\include\ImGui-master\imgui_draw.cpp">
      <Filter>extern\imgui</Filter>
    </ClCompile>
    <ClCompile Include="$(MSBuildThisFileDirectory)..\extern\include\ImGui-master\imgui_tables.cpp">
      <Filter>extern\imgui</Filter>
    </ClCompile>
    <ClCompile Include="$(MSBuildThisFileDirectory)..\extern\include\ImGui-master\imgui_widgets.cpp">
      <Filter>extern\imgui</Filter>
    </ClCompile>
  </ItemGroup>
</Project>